
Microsoft Visual Studio Solution File, Format Version 12.00
# Visual Studio Version 16
VisualStudioVersion = 16.0.29613.14
MinimumVisualStudioVersion = 10.0.40219.1
Project("{F184B08F-C81C-45F6-A57F-5ABD9991F28F}") = "DistanceCalculator", "DistanceCalculator.vbproj", "{B9AFE795-249F-45E9-9FE0-44405C685F19}"
EndProject
Global
	GlobalSection(SolutionConfigurationPlatforms) = preSolution
		Debug|Any CPU = Debug|Any CPU
		Release|Any CPU = Release|Any CPU
	EndGlobalSection
	GlobalSection(ProjectConfigurationPlatforms) = postSolution
		{B9AFE795-249F-45E9-9FE0-44405C685F19}.Debug|Any CPU.ActiveCfg = Debug|Any CPU
		{B9AFE795-249F-45E9-9FE0-44405C685F19}.Debug|Any CPU.Build.0 = Debug|Any CPU
		{B9AFE795-249F-45E9-9FE0-44405C685F19}.Release|Any CPU.ActiveCfg = Release|Any CPU
		{B9AFE795-249F-45E9-9FE0-44405C685F19}.Release|Any CPU.Build.0 = Release|Any CPU
	EndGlobalSection
	GlobalSection(SolutionProperties) = preSolution
		HideSolutionNode = FALSE
	EndGlobalSection
	GlobalSection(ExtensibilityGlobals) = postSolution
		SolutionGuid = {F7885CF6-FAFC-4A33-A0F8-180CACBA94CD}
	EndGlobalSection
EndGlobal
